{
  "version": 4,
  "terraform_version": "0.14.9",
  "serial": 19,
  "lineage": "ec3d5128-ef36-bc21-5f40-a4eafaf5a2cc",
  "outputs": {
    "config_map_aws_auth": {
      "value": "\r\n\r\napiVersion: v1\r\nkind: ConfigMap\r\nmetadata:\r\n  name: aws-auth\r\n  namespace: kube-system\r\ndata:\r\n  mapRoles: |\r\n    - rolearn: arn:aws:iam::677776962182:role/ds-eks-cluster\r\n      username: system:node:{{EC2PrivateDNSName}}\r\n      groups:\r\n        - system:bootstrappers\r\n        - system:nodes\r\n",
      "type": "string"
    },
    "kubeconfig": {
      "value": "\r\n\r\napiVersion: v1\r\nclusters:\r\n- cluster:\r\n    server: https://FEBAA439D178EFFA1212822E97346990.yl4.sa-east-1.eks.amazonaws.com\r\n    certificate-authority-data: LS0tLS1CRUdJTiBDRVJUSUZJQ0FURS0tLS0tCk1JSUN5RENDQWJDZ0F3SUJBZ0lCQURBTkJna3Foa2lHOXcwQkFRc0ZBREFWTVJNd0VRWURWUVFERXdwcmRXSmwKY201bGRHVnpNQjRYRFRJeE1EUXdNakl3TURReE9Wb1hEVE14TURNek1USXdNRFF4T1Zvd0ZURVRNQkVHQTFVRQpBeE1LYTNWaVpYSnVaWFJsY3pDQ0FTSXdEUVlKS29aSWh2Y05BUUVCQlFBRGdnRVBBRENDQVFvQ2dnRUJBTmFSClpTc3gxQ3NUVDFCL3RCVEVLdnRsN1cxNlVydDE3RjljS2FLbFFvaldFUlRWcnd2WkpQdWZLMkhqUjVxUDU3Qm4KNVU5VjE0bnFkR0xkWnJ5TjdnQU5JblVkRFlsN09tVm5BVDB1WFlSWTlsZ2pVS0NWTnhtMlZxcG5lZ2J4eW5PeApKb2RmbDdrRnJFaTNETzRaRlBqZVJaVWVTL2liQ2xtQ2FaMk9ZcmV5amc2WURXd1hyRXFpK0ZnQVBod21rTjhMCnAwS1p1ZWFZOFZ1eGgyWFYrckZ4YitVNHc2YzBNcjZ5K1UvSVVNb3BZYkRCM3lCV0dCeWVLTEJSTjhCenBTeUkKTHdPREhwcEpVaTB6UFNWVW9POVFBbjFoYnJTMHFJTVdxVU1udmUvWEloNXd1VDVHcmJ3Wk10UFlNNnA5dURwSAp4NUR2azJ0THZNaDlSUzhiWUpjQ0F3RUFBYU1qTUNFd0RnWURWUjBQQVFIL0JBUURBZ0trTUE4R0ExVWRFd0VCCi93UUZNQU1CQWY4d0RRWUpLb1pJaHZjTkFRRUxCUUFEZ2dFQkFJRnF6RGJBNy9sOTBLM1d5RXFxbXYxY05MSXkKVWN1ZHFkZ2VEQjIxQXJVMGJnZjZNUzBuZFQxM21aNFl4bE0xMW02Zm1QS21Manp0VUlDWENuWVZ2NWoyRXNDUApBNHNVZCt6OHRTZk5wY0N0M3RzTUhwdm04Y0VPVWZOY1ZVVXFyR0paaXJpZVkxd01tVXZvbGQzQTU0TjhYVngxCmdUSExUT29ROXpobzR5THZVYnJUVUtTMktnQm1OcUNicStqalEyK0k2dDY4a3BnbFhwMnJhanpTOVUzYnhodmsKUXhBK2F1U2NtZHZXUVg2djRqWHp0NGdmMlVwMVZTQkRoWGMzNGp2RExYZXhwSllhNm8xQlZFellmbmUvOUUzbQo4UHZ1aExzQnB4K1Zsd1lyREhwZEFzRkJvMlUxOXV3V3lKTnBpWWtvcDU1bWFwZ09adWZ5RWhaVjhwcz0KLS0tLS1FTkQgQ0VSVElGSUNBVEUtLS0tLQo=\r\n  name: kubernetes\r\ncontexts:\r\n- context:\r\n    cluster: kubernetes\r\n    user: aws\r\n  name: aws\r\ncurrent-context: aws\r\nkind: Config\r\npreferences: {}\r\nusers:\r\n- name: aws\r\n  user:\r\n    exec:\r\n      apiVersion: client.authentication.k8s.io/v1alpha1\r\n      command: aws-iam-authenticator\r\n      args:\r\n        - \"token\"\r\n        - \"-i\"\r\n        - \"ds-eks-cluster\"\r\n",
      "type": "string"
    }
  },
  "resources": [
    {
      "mode": "data",
      "type": "aws_availability_zones",
      "name": "available",
      "provider": "provider[\"registry.terraform.io/hashicorp/aws\"]",
      "instances": [
        {
          "schema_version": 0,
          "attributes": {
            "all_availability_zones": null,
            "exclude_names": null,
            "exclude_zone_ids": null,
            "filter": null,
            "group_names": [
              "sa-east-1"
            ],
            "id": "sa-east-1",
            "names": [
              "sa-east-1a",
              "sa-east-1b",
              "sa-east-1c"
            ],
            "state": null,
            "zone_ids": [
              "sae1-az1",
              "sae1-az2",
              "sae1-az3"
            ]
          },
          "sensitive_attributes": []
        }
      ]
    },
    {
      "mode": "data",
      "type": "http",
      "name": "workstation-external-ip",
      "provider": "provider[\"registry.terraform.io/hashicorp/http\"]",
      "instances": [
        {
          "schema_version": 0,
          "attributes": {
            "body": "189.120.180.110\n",
            "id": "http://ipv4.icanhazip.com",
            "request_headers": null,
            "response_headers": {
              "Access-Control-Allow-Methods": "GET",
              "Access-Control-Allow-Origin": "*",
              "Cf-Ray": "639ca19e090ff6f0-GRU",
              "Cf-Request-Id": "0935c356c60000f6f057196000000001",
              "Connection": "keep-alive",
              "Content-Length": "16",
              "Content-Type": "text/plain",
              "Date": "Fri, 02 Apr 2021 19:58:19 GMT",
              "Nel": "{\"max_age\":604800,\"report_to\":\"cf-nel\"}",
              "Report-To": "{\"max_age\":604800,\"group\":\"cf-nel\",\"endpoints\":[{\"url\":\"https:\\/\\/a.nel.cloudflare.com\\/report?s=AepHKcbqjLNyZAq%2B7FupqYf9IC3hg7BD8WWDeosgH6IPOx8bzObrBU37dEJsYFnIchb%2FcUAZejdhRqZ3nGvGtgCu%2F8KE5f1xEz8r3hqX2NkO0Uo%3D\"}]}",
              "Server": "cloudflare",
              "Set-Cookie": "__cfduid=dbb779ef379b0889f0e69c062e0f481251617393499; expires=Sun, 02-May-21 19:58:19 GMT; path=/; domain=.ipv4.icanhazip.com; HttpOnly; SameSite=Lax",
              "Vary": "Accept-Encoding",
              "X-Otter": "🦦",
              "X-Rtfm": "Learn about this site at http://bit.ly/icanhazip-faq",
              "X-Thank-You": "Many thanks to the fine people at Cloudflare for keeping this site afloat!"
            },
            "url": "http://ipv4.icanhazip.com"
          },
          "sensitive_attributes": []
        }
      ]
    },
    {
      "mode": "managed",
      "type": "aws_eks_cluster",
      "name": "ds",
      "provider": "provider[\"registry.terraform.io/hashicorp/aws\"]",
      "instances": [
        {
          "schema_version": 0,
          "attributes": {
            "arn": "arn:aws:eks:sa-east-1:677776962182:cluster/ds-eks-cluster",
            "certificate_authority": [
              {
                "data": "LS0tLS1CRUdJTiBDRVJUSUZJQ0FURS0tLS0tCk1JSUN5RENDQWJDZ0F3SUJBZ0lCQURBTkJna3Foa2lHOXcwQkFRc0ZBREFWTVJNd0VRWURWUVFERXdwcmRXSmwKY201bGRHVnpNQjRYRFRJeE1EUXdNakl3TURReE9Wb1hEVE14TURNek1USXdNRFF4T1Zvd0ZURVRNQkVHQTFVRQpBeE1LYTNWaVpYSnVaWFJsY3pDQ0FTSXdEUVlKS29aSWh2Y05BUUVCQlFBRGdnRVBBRENDQVFvQ2dnRUJBTmFSClpTc3gxQ3NUVDFCL3RCVEVLdnRsN1cxNlVydDE3RjljS2FLbFFvaldFUlRWcnd2WkpQdWZLMkhqUjVxUDU3Qm4KNVU5VjE0bnFkR0xkWnJ5TjdnQU5JblVkRFlsN09tVm5BVDB1WFlSWTlsZ2pVS0NWTnhtMlZxcG5lZ2J4eW5PeApKb2RmbDdrRnJFaTNETzRaRlBqZVJaVWVTL2liQ2xtQ2FaMk9ZcmV5amc2WURXd1hyRXFpK0ZnQVBod21rTjhMCnAwS1p1ZWFZOFZ1eGgyWFYrckZ4YitVNHc2YzBNcjZ5K1UvSVVNb3BZYkRCM3lCV0dCeWVLTEJSTjhCenBTeUkKTHdPREhwcEpVaTB6UFNWVW9POVFBbjFoYnJTMHFJTVdxVU1udmUvWEloNXd1VDVHcmJ3Wk10UFlNNnA5dURwSAp4NUR2azJ0THZNaDlSUzhiWUpjQ0F3RUFBYU1qTUNFd0RnWURWUjBQQVFIL0JBUURBZ0trTUE4R0ExVWRFd0VCCi93UUZNQU1CQWY4d0RRWUpLb1pJaHZjTkFRRUxCUUFEZ2dFQkFJRnF6RGJBNy9sOTBLM1d5RXFxbXYxY05MSXkKVWN1ZHFkZ2VEQjIxQXJVMGJnZjZNUzBuZFQxM21aNFl4bE0xMW02Zm1QS21Manp0VUlDWENuWVZ2NWoyRXNDUApBNHNVZCt6OHRTZk5wY0N0M3RzTUhwdm04Y0VPVWZOY1ZVVXFyR0paaXJpZVkxd01tVXZvbGQzQTU0TjhYVngxCmdUSExUT29ROXpobzR5THZVYnJUVUtTMktnQm1OcUNicStqalEyK0k2dDY4a3BnbFhwMnJhanpTOVUzYnhodmsKUXhBK2F1U2NtZHZXUVg2djRqWHp0NGdmMlVwMVZTQkRoWGMzNGp2RExYZXhwSllhNm8xQlZFellmbmUvOUUzbQo4UHZ1aExzQnB4K1Zsd1lyREhwZEFzRkJvMlUxOXV3V3lKTnBpWWtvcDU1bWFwZ09adWZ5RWhaVjhwcz0KLS0tLS1FTkQgQ0VSVElGSUNBVEUtLS0tLQo="
              }
            ],
            "created_at": "2021-04-02 19:58:39.029 +0000 UTC",
            "enabled_cluster_log_types": null,
            "encryption_config": [],
            "endpoint": "https://FEBAA439D178EFFA1212822E97346990.yl4.sa-east-1.eks.amazonaws.com",
            "id": "ds-eks-cluster",
            "identity": [
              {
                "oidc": [
                  {
                    "issuer": "https://oidc.eks.sa-east-1.amazonaws.com/id/FEBAA439D178EFFA1212822E97346990"
                  }
                ]
              }
            ],
            "kubernetes_network_config": [
              {
                "service_ipv4_cidr": "172.20.0.0/16"
              }
            ],
            "name": "ds-eks-cluster",
            "platform_version": "eks.4",
            "role_arn": "arn:aws:iam::677776962182:role/ds-eks-cluster",
            "status": "ACTIVE",
            "tags": null,
            "timeouts": null,
            "version": "1.18",
            "vpc_config": [
              {
                "cluster_security_group_id": "sg-0a14a41d09c88b520",
                "endpoint_private_access": false,
                "endpoint_public_access": true,
                "public_access_cidrs": [
                  "0.0.0.0/0"
                ],
                "security_group_ids": [
                  "sg-03c99f0490ac818c7"
                ],
                "subnet_ids": [
                  "subnet-0a57a47352e80d11f",
                  "subnet-0e68b0eac37405f27"
                ],
                "vpc_id": "vpc-0452d2dfb68d91ac5"
              }
            ]
          },
          "sensitive_attributes": [],
          "private": "eyJlMmJmYjczMC1lY2FhLTExZTYtOGY4OC0zNDM2M2JjN2M0YzAiOnsiY3JlYXRlIjoxODAwMDAwMDAwMDAwLCJkZWxldGUiOjkwMDAwMDAwMDAwMCwidXBkYXRlIjozNjAwMDAwMDAwMDAwfX0=",
          "dependencies": [
            "aws_iam_role.ds-cluster-iam",
            "aws_iam_role_policy_attachment.ds-cluster-AmazonEKSClusterPolicy",
            "aws_iam_role_policy_attachment.ds-cluster-AmazonEKSVPCResourceController",
            "aws_security_group.ds-cluster",
            "aws_subnet.ds",
            "aws_vpc.ds",
            "data.aws_availability_zones.available"
          ]
        }
      ]
    },
    {
      "mode": "managed",
      "type": "aws_eks_node_group",
      "name": "ds",
      "provider": "provider[\"registry.terraform.io/hashicorp/aws\"]",
      "instances": [
        {
          "schema_version": 0,
          "attributes": {
            "ami_type": "AL2_x86_64",
            "arn": "arn:aws:eks:sa-east-1:677776962182:nodegroup/ds-eks-cluster/ds/b0bc4a19-fb8d-0d62-7f44-6ae9d821df54",
            "capacity_type": "ON_DEMAND",
            "cluster_name": "ds-eks-cluster",
            "disk_size": 20,
            "force_update_version": null,
            "id": "ds-eks-cluster:ds",
            "instance_types": [
              "t3.medium"
            ],
            "labels": null,
            "launch_template": [],
            "node_group_name": "ds",
            "node_role_arn": "arn:aws:iam::677776962182:role/ds-eks-node",
            "release_version": "1.18.9-20210322",
            "remote_access": [],
            "resources": [
              {
                "autoscaling_groups": [
                  {
                    "name": "eks-b0bc4a19-fb8d-0d62-7f44-6ae9d821df54"
                  }
                ],
                "remote_access_security_group_id": ""
              }
            ],
            "scaling_config": [
              {
                "desired_size": 1,
                "max_size": 1,
                "min_size": 1
              }
            ],
            "status": "ACTIVE",
            "subnet_ids": [
              "subnet-0a57a47352e80d11f",
              "subnet-0e68b0eac37405f27"
            ],
            "tags": null,
            "timeouts": null,
            "version": "1.18"
          },
          "sensitive_attributes": [],
          "private": "eyJlMmJmYjczMC1lY2FhLTExZTYtOGY4OC0zNDM2M2JjN2M0YzAiOnsiY3JlYXRlIjozNjAwMDAwMDAwMDAwLCJkZWxldGUiOjM2MDAwMDAwMDAwMDAsInVwZGF0ZSI6MzYwMDAwMDAwMDAwMH19",
          "dependencies": [
            "aws_eks_cluster.ds",
            "aws_iam_role.ds-cluster-iam",
            "aws_iam_role.ds-node-iam",
            "aws_iam_role_policy_attachment.ds-cluster-AmazonEKSClusterPolicy",
            "aws_iam_role_policy_attachment.ds-cluster-AmazonEKSVPCResourceController",
            "aws_iam_role_policy_attachment.ds-node-AmazonEC2ContainerRegistryReadOnly",
            "aws_iam_role_policy_attachment.ds-node-AmazonEKSWorkerNodePolicy",
            "aws_iam_role_policy_attachment.ds-node-AmazonEKS_CNI_Policy",
            "aws_security_group.ds-cluster",
            "aws_subnet.ds",
            "aws_vpc.ds",
            "data.aws_availability_zones.available"
          ]
        }
      ]
    },
    {
      "mode": "managed",
      "type": "aws_iam_role",
      "name": "ds-cluster-iam",
      "provider": "provider[\"registry.terraform.io/hashicorp/aws\"]",
      "instances": [
        {
          "schema_version": 0,
          "attributes": {
            "arn": "arn:aws:iam::677776962182:role/ds-eks-cluster",
            "assume_role_policy": "{\"Version\":\"2012-10-17\",\"Statement\":[{\"Effect\":\"Allow\",\"Principal\":{\"Service\":\"eks.amazonaws.com\"},\"Action\":\"sts:AssumeRole\"}]}",
            "create_date": "2021-04-02T19:58:24Z",
            "description": "",
            "force_detach_policies": false,
            "id": "ds-eks-cluster",
            "inline_policy": [
              {
                "name": "",
                "policy": ""
              }
            ],
            "managed_policy_arns": [],
            "max_session_duration": 3600,
            "name": "ds-eks-cluster",
            "name_prefix": null,
            "path": "/",
            "permissions_boundary": null,
            "tags": null,
            "unique_id": "AROAZ3TVHWKDLB4JDZTFK"
          },
          "sensitive_attributes": [],
          "private": "bnVsbA=="
        }
      ]
    },
    {
      "mode": "managed",
      "type": "aws_iam_role",
      "name": "ds-node-iam",
      "provider": "provider[\"registry.terraform.io/hashicorp/aws\"]",
      "instances": [
        {
          "schema_version": 0,
          "attributes": {
            "arn": "arn:aws:iam::677776962182:role/ds-eks-node",
            "assume_role_policy": "{\"Version\":\"2012-10-17\",\"Statement\":[{\"Effect\":\"Allow\",\"Principal\":{\"Service\":\"ec2.amazonaws.com\"},\"Action\":\"sts:AssumeRole\"}]}",
            "create_date": "2021-04-02T19:58:24Z",
            "description": "",
            "force_detach_policies": false,
            "id": "ds-eks-node",
            "inline_policy": [
              {
                "name": "",
                "policy": ""
              }
            ],
            "managed_policy_arns": [],
            "max_session_duration": 3600,
            "name": "ds-eks-node",
            "name_prefix": null,
            "path": "/",
            "permissions_boundary": null,
            "tags": null,
            "unique_id": "AROAZ3TVHWKDOOPBGMEJ7"
          },
          "sensitive_attributes": [],
          "private": "bnVsbA=="
        }
      ]
    },
    {
      "mode": "managed",
      "type": "aws_iam_role_policy_attachment",
      "name": "ds-cluster-AmazonEKSClusterPolicy",
      "provider": "provider[\"registry.terraform.io/hashicorp/aws\"]",
      "instances": [
        {
          "schema_version": 0,
          "attributes": {
            "id": "ds-eks-cluster-20210402195826967100000005",
            "policy_arn": "arn:aws:iam::aws:policy/AmazonEKSClusterPolicy",
            "role": "ds-eks-cluster"
          },
          "sensitive_attributes": [],
          "private": "bnVsbA==",
          "dependencies": [
            "aws_iam_role.ds-cluster-iam"
          ]
        }
      ]
    },
    {
      "mode": "managed",
      "type": "aws_iam_role_policy_attachment",
      "name": "ds-cluster-AmazonEKSVPCResourceController",
      "provider": "provider[\"registry.terraform.io/hashicorp/aws\"]",
      "instances": [
        {
          "schema_version": 0,
          "attributes": {
            "id": "ds-eks-cluster-20210402195826967100000004",
            "policy_arn": "arn:aws:iam::aws:policy/AmazonEKSVPCResourceController",
            "role": "ds-eks-cluster"
          },
          "sensitive_attributes": [],
          "private": "bnVsbA==",
          "dependencies": [
            "aws_iam_role.ds-cluster-iam"
          ]
        }
      ]
    },
    {
      "mode": "managed",
      "type": "aws_iam_role_policy_attachment",
      "name": "ds-node-AmazonEC2ContainerRegistryReadOnly",
      "provider": "provider[\"registry.terraform.io/hashicorp/aws\"]",
      "instances": [
        {
          "schema_version": 0,
          "attributes": {
            "id": "ds-eks-node-20210402195826905100000002",
            "policy_arn": "arn:aws:iam::aws:policy/AmazonEC2ContainerRegistryReadOnly",
            "role": "ds-eks-node"
          },
          "sensitive_attributes": [],
          "private": "bnVsbA==",
          "dependencies": [
            "aws_iam_role.ds-node-iam"
          ]
        }
      ]
    },
    {
      "mode": "managed",
      "type": "aws_iam_role_policy_attachment",
      "name": "ds-node-AmazonEKSWorkerNodePolicy",
      "provider": "provider[\"registry.terraform.io/hashicorp/aws\"]",
      "instances": [
        {
          "schema_version": 0,
          "attributes": {
            "id": "ds-eks-node-20210402195826921600000003",
            "policy_arn": "arn:aws:iam::aws:policy/AmazonEKSWorkerNodePolicy",
            "role": "ds-eks-node"
          },
          "sensitive_attributes": [],
          "private": "bnVsbA==",
          "dependencies": [
            "aws_iam_role.ds-node-iam"
          ]
        }
      ]
    },
    {
      "mode": "managed",
      "type": "aws_iam_role_policy_attachment",
      "name": "ds-node-AmazonEKS_CNI_Policy",
      "provider": "provider[\"registry.terraform.io/hashicorp/aws\"]",
      "instances": [
        {
          "schema_version": 0,
          "attributes": {
            "id": "ds-eks-node-20210402195826875700000001",
            "policy_arn": "arn:aws:iam::aws:policy/AmazonEKS_CNI_Policy",
            "role": "ds-eks-node"
          },
          "sensitive_attributes": [],
          "private": "bnVsbA==",
          "dependencies": [
            "aws_iam_role.ds-node-iam"
          ]
        }
      ]
    },
    {
      "mode": "managed",
      "type": "aws_internet_gateway",
      "name": "ds",
      "provider": "provider[\"registry.terraform.io/hashicorp/aws\"]",
      "instances": [
        {
          "schema_version": 0,
          "attributes": {
            "arn": "arn:aws:ec2:sa-east-1:677776962182:internet-gateway/igw-0a9f25fe3457e607c",
            "id": "igw-0a9f25fe3457e607c",
            "owner_id": "677776962182",
            "tags": {
              "Name": "ds-eks-cluster"
            },
            "vpc_id": "vpc-0452d2dfb68d91ac5"
          },
          "sensitive_attributes": [],
          "private": "bnVsbA==",
          "dependencies": [
            "aws_vpc.ds"
          ]
        }
      ]
    },
    {
      "mode": "managed",
      "type": "aws_route_table",
      "name": "ds",
      "provider": "provider[\"registry.terraform.io/hashicorp/aws\"]",
      "instances": [
        {
          "schema_version": 0,
          "attributes": {
            "arn": "arn:aws:ec2:sa-east-1:677776962182:route-table/rtb-08d140b33af7e24a4",
            "id": "rtb-08d140b33af7e24a4",
            "owner_id": "677776962182",
            "propagating_vgws": [],
            "route": [
              {
                "carrier_gateway_id": "",
                "cidr_block": "0.0.0.0/0",
                "destination_prefix_list_id": "",
                "egress_only_gateway_id": "",
                "gateway_id": "igw-0a9f25fe3457e607c",
                "instance_id": "",
                "ipv6_cidr_block": "",
                "local_gateway_id": "",
                "nat_gateway_id": "",
                "network_interface_id": "",
                "transit_gateway_id": "",
                "vpc_endpoint_id": "",
                "vpc_peering_connection_id": ""
              }
            ],
            "tags": null,
            "vpc_id": "vpc-0452d2dfb68d91ac5"
          },
          "sensitive_attributes": [],
          "private": "bnVsbA==",
          "dependencies": [
            "aws_internet_gateway.ds",
            "aws_vpc.ds"
          ]
        }
      ]
    },
    {
      "mode": "managed",
      "type": "aws_route_table_association",
      "name": "ds",
      "provider": "provider[\"registry.terraform.io/hashicorp/aws\"]",
      "instances": [
        {
          "index_key": 0,
          "schema_version": 0,
          "attributes": {
            "gateway_id": null,
            "id": "rtbassoc-07322f5c48dac81fa",
            "route_table_id": "rtb-08d140b33af7e24a4",
            "subnet_id": "subnet-0e68b0eac37405f27"
          },
          "sensitive_attributes": [],
          "private": "bnVsbA==",
          "dependencies": [
            "aws_internet_gateway.ds",
            "aws_route_table.ds",
            "aws_subnet.ds",
            "aws_vpc.ds",
            "data.aws_availability_zones.available"
          ]
        },
        {
          "index_key": 1,
          "schema_version": 0,
          "attributes": {
            "gateway_id": null,
            "id": "rtbassoc-0e54c8ec9afa53f7c",
            "route_table_id": "rtb-08d140b33af7e24a4",
            "subnet_id": "subnet-0a57a47352e80d11f"
          },
          "sensitive_attributes": [],
          "private": "bnVsbA==",
          "dependencies": [
            "aws_internet_gateway.ds",
            "aws_route_table.ds",
            "aws_subnet.ds",
            "aws_vpc.ds",
            "data.aws_availability_zones.available"
          ]
        }
      ]
    },
    {
      "mode": "managed",
      "type": "aws_security_group",
      "name": "ds-cluster",
      "provider": "provider[\"registry.terraform.io/hashicorp/aws\"]",
      "instances": [
        {
          "schema_version": 1,
          "attributes": {
            "arn": "arn:aws:ec2:sa-east-1:677776962182:security-group/sg-03c99f0490ac818c7",
            "description": "Cluster communication with worker nodes",
            "egress": [
              {
                "cidr_blocks": [
                  "0.0.0.0/0"
                ],
                "description": "",
                "from_port": 0,
                "ipv6_cidr_blocks": [],
                "prefix_list_ids": [],
                "protocol": "-1",
                "security_groups": [],
                "self": false,
                "to_port": 0
              }
            ],
            "id": "sg-03c99f0490ac818c7",
            "ingress": [],
            "name": "ds-cluster-sg",
            "name_prefix": "",
            "owner_id": "677776962182",
            "revoke_rules_on_delete": false,
            "tags": {
              "Name": "ds-eks-cluster"
            },
            "timeouts": null,
            "vpc_id": "vpc-0452d2dfb68d91ac5"
          },
          "sensitive_attributes": [],
          "private": "eyJlMmJmYjczMC1lY2FhLTExZTYtOGY4OC0zNDM2M2JjN2M0YzAiOnsiY3JlYXRlIjo2MDAwMDAwMDAwMDAsImRlbGV0ZSI6OTAwMDAwMDAwMDAwfSwic2NoZW1hX3ZlcnNpb24iOiIxIn0=",
          "dependencies": [
            "aws_vpc.ds"
          ]
        }
      ]
    },
    {
      "mode": "managed",
      "type": "aws_security_group_rule",
      "name": "ds-cluster-ingress-workstation-https",
      "provider": "provider[\"registry.terraform.io/hashicorp/aws\"]",
      "instances": [
        {
          "schema_version": 2,
          "attributes": {
            "cidr_blocks": [
              "189.120.180.110/32"
            ],
            "description": "Allow workstation to communicate with the cluster API Server",
            "from_port": 443,
            "id": "sgrule-3976177532",
            "ipv6_cidr_blocks": null,
            "prefix_list_ids": null,
            "protocol": "tcp",
            "security_group_id": "sg-03c99f0490ac818c7",
            "self": false,
            "source_security_group_id": null,
            "to_port": 443,
            "type": "ingress"
          },
          "sensitive_attributes": [],
          "private": "eyJzY2hlbWFfdmVyc2lvbiI6IjIifQ==",
          "dependencies": [
            "aws_security_group.ds-cluster",
            "aws_vpc.ds",
            "data.http.workstation-external-ip"
          ]
        }
      ]
    },
    {
      "mode": "managed",
      "type": "aws_subnet",
      "name": "ds",
      "provider": "provider[\"registry.terraform.io/hashicorp/aws\"]",
      "instances": [
        {
          "index_key": 0,
          "schema_version": 1,
          "attributes": {
            "arn": "arn:aws:ec2:sa-east-1:677776962182:subnet/subnet-0e68b0eac37405f27",
            "assign_ipv6_address_on_creation": false,
            "availability_zone": "sa-east-1a",
            "availability_zone_id": "sae1-az1",
            "cidr_block": "10.0.0.0/24",
            "customer_owned_ipv4_pool": "",
            "id": "subnet-0e68b0eac37405f27",
            "ipv6_cidr_block": "",
            "ipv6_cidr_block_association_id": "",
            "map_customer_owned_ip_on_launch": false,
            "map_public_ip_on_launch": true,
            "outpost_arn": "",
            "owner_id": "677776962182",
            "tags": {
              "Name": "ds-eks-node",
              "kubernetes.io/cluster/ds-eks-cluster": "shared"
            },
            "tags_all": {
              "Name": "ds-eks-node",
              "kubernetes.io/cluster/ds-eks-cluster": "shared"
            },
            "timeouts": null,
            "vpc_id": "vpc-0452d2dfb68d91ac5"
          },
          "sensitive_attributes": [],
          "private": "eyJlMmJmYjczMC1lY2FhLTExZTYtOGY4OC0zNDM2M2JjN2M0YzAiOnsiY3JlYXRlIjo2MDAwMDAwMDAwMDAsImRlbGV0ZSI6MTIwMDAwMDAwMDAwMH0sInNjaGVtYV92ZXJzaW9uIjoiMSJ9",
          "dependencies": [
            "aws_vpc.ds",
            "data.aws_availability_zones.available"
          ]
        },
        {
          "index_key": 1,
          "schema_version": 1,
          "attributes": {
            "arn": "arn:aws:ec2:sa-east-1:677776962182:subnet/subnet-0a57a47352e80d11f",
            "assign_ipv6_address_on_creation": false,
            "availability_zone": "sa-east-1b",
            "availability_zone_id": "sae1-az2",
            "cidr_block": "10.0.1.0/24",
            "customer_owned_ipv4_pool": "",
            "id": "subnet-0a57a47352e80d11f",
            "ipv6_cidr_block": "",
            "ipv6_cidr_block_association_id": "",
            "map_customer_owned_ip_on_launch": false,
            "map_public_ip_on_launch": true,
            "outpost_arn": "",
            "owner_id": "677776962182",
            "tags": {
              "Name": "ds-eks-node",
              "kubernetes.io/cluster/ds-eks-cluster": "shared"
            },
            "tags_all": {
              "Name": "ds-eks-node",
              "kubernetes.io/cluster/ds-eks-cluster": "shared"
            },
            "timeouts": null,
            "vpc_id": "vpc-0452d2dfb68d91ac5"
          },
          "sensitive_attributes": [],
          "private": "eyJlMmJmYjczMC1lY2FhLTExZTYtOGY4OC0zNDM2M2JjN2M0YzAiOnsiY3JlYXRlIjo2MDAwMDAwMDAwMDAsImRlbGV0ZSI6MTIwMDAwMDAwMDAwMH0sInNjaGVtYV92ZXJzaW9uIjoiMSJ9",
          "dependencies": [
            "aws_vpc.ds",
            "data.aws_availability_zones.available"
          ]
        }
      ]
    },
    {
      "mode": "managed",
      "type": "aws_vpc",
      "name": "ds",
      "provider": "provider[\"registry.terraform.io/hashicorp/aws\"]",
      "instances": [
        {
          "schema_version": 1,
          "attributes": {
            "arn": "arn:aws:ec2:sa-east-1:677776962182:vpc/vpc-0452d2dfb68d91ac5",
            "assign_generated_ipv6_cidr_block": false,
            "cidr_block": "10.0.0.0/16",
            "default_network_acl_id": "acl-0b3e08e10e3e8ce19",
            "default_route_table_id": "rtb-0af5055812816f2ce",
            "default_security_group_id": "sg-0fb9613babf519a9d",
            "dhcp_options_id": "dopt-2f7c3248",
            "enable_classiclink": false,
            "enable_classiclink_dns_support": false,
            "enable_dns_hostnames": false,
            "enable_dns_support": true,
            "id": "vpc-0452d2dfb68d91ac5",
            "instance_tenancy": "default",
            "ipv6_association_id": "",
            "ipv6_cidr_block": "",
            "main_route_table_id": "rtb-0af5055812816f2ce",
            "owner_id": "677776962182",
            "tags": {
              "Name": "ds-eks-node",
              "kubernetes.io/cluster/ds-eks-cluster": "shared"
            },
            "tags_all": {
              "Name": "ds-eks-node",
              "kubernetes.io/cluster/ds-eks-cluster": "shared"
            }
          },
          "sensitive_attributes": [],
          "private": "eyJzY2hlbWFfdmVyc2lvbiI6IjEifQ=="
        }
      ]
    }
  ]
}
